{
  "name": "dot-renderer",
  "version": "1.0.0",
  "lockfileVersion": 3,
  "requires": true,
  "packages": {
    "": {
      "name": "dot-renderer",
      "version": "1.0.0",
      "license": "MIT",
      "dependencies": {
        "node-graphviz": "^0.1.1"
      },
      "bin": {
        "process-dot-doc": "process-document.js",
        "render-dot": "render-dot.js"
      }
    },
    "node_modules/node-graphviz": {
      "version": "0.1.1",
      "resolved": "https://registry.npmjs.org/node-graphviz/-/node-graphviz-0.1.1.tgz",
      "integrity": "sha512-riY8/pFGSD1ipmyzqCwuN2M6W02ELfuLDjhJvTrQCUS/15tyU8ExkC96mlQrNLBK8Ws0z8PdH+ChBT6DuPFWWA==",
      "license": "MIT"
    }
  }
}
